<?xml version="1.0" encoding="utf-8"?>
<Project ToolsVersion="4.0" xmlns="http://schemas.microsoft.com/developer/msbuild/2003">
  <ItemGroup>
    <Filter Include="Source Files">
      <UniqueIdentifier>{4FC737F1-C7A5-4376-A066-2A32D752A2FF}</UniqueIdentifier>
      <Extensions>cpp;c;cc;cxx;def;odl;idl;hpj;bat;asm;asmx</Extensions>
    </Filter>
    <Filter Include="Header Files">
      <UniqueIdentifier>{93995380-89BD-4b04-88EB-625FBE52EBFB}</UniqueIdentifier>
      <Extensions>h;hh;hpp;hxx;hm;inl;inc;xsd</Extensions>
    </Filter>
    <Filter Include="Resource Files">
      <UniqueIdentifier>{67DA6AB6-F800-4c08-8B7A-83BB121AAD01}</UniqueIdentifier>
      <Extensions>rc;ico;cur;bmp;dlg;rc2;rct;bin;rgs;gif;jpg;jpeg;jpe;resx;tiff;tif;png;wav;mfcribbon-ms</Extensions>
    </Filter>
    <Filter Include="Header Files\Hardware">
      <UniqueIdentifier>{476a7ff1-a33f-408b-96be-2ffdb0d92db8}</UniqueIdentifier>
    </Filter>
    <Filter Include="Header Files\Hardware\3rd Party">
      <UniqueIdentifier>{57c022e8-133d-4b16-b21b-5d992c72db6d}</UniqueIdentifier>
    </Filter>
    <Filter Include="Source Files\Hardware">
      <UniqueIdentifier>{ab515ca3-63b0-414a-a1d7-c2fe4f38ca21}</UniqueIdentifier>
    </Filter>
    <Filter Include="Source Files\Hardware\3rd Party">
      <UniqueIdentifier>{371e516a-34a0-4a0d-9101-dd61273f4204}</UniqueIdentifier>
    </Filter>
  </ItemGroup>
  <ItemGroup>
    <ClInclude Include="__vm\.Robot.vsarduino.h">
      <Filter>Header Files</Filter>
    </ClInclude>
    <ClInclude Include="Kernel.h">
      <Filter>Header Files</Filter>
    </ClInclude>
    <ClInclude Include="KernelInitializer.h">
      <Filter>Header Files</Filter>
    </ClInclude>
    <ClInclude Include="TimerOne.h">
      <Filter>Header Files</Filter>
    </ClInclude>
    <ClInclude Include="ServoTimer2.h">
      <Filter>Header Files\Hardware</Filter>
    </ClInclude>
    <ClInclude Include="Servo.h">
      <Filter>Header Files\Hardware</Filter>
    </ClInclude>
    <ClInclude Include="RgbLed.h">
      <Filter>Header Files\Hardware</Filter>
    </ClInclude>
    <ClInclude Include="Motor.h">
      <Filter>Header Files\Hardware</Filter>
    </ClInclude>
    <ClInclude Include="PiezoSpeaker.h">
      <Filter>Header Files\Hardware</Filter>
    </ClInclude>
    <ClInclude Include="Led.h">
      <Filter>Header Files\Hardware</Filter>
    </ClInclude>
    <ClInclude Include="KeypadBase.h">
      <Filter>Header Files\Hardware</Filter>
    </ClInclude>
    <ClInclude Include="Keypad.h">
      <Filter>Header Files\Hardware</Filter>
    </ClInclude>
    <ClInclude Include="IValueable.h">
      <Filter>Header Files\Hardware</Filter>
    </ClInclude>
    <ClInclude Include="ISwitchable.h">
      <Filter>Header Files\Hardware</Filter>
    </ClInclude>
    <ClInclude Include="ISupportsSinglePin.h">
      <Filter>Header Files\Hardware</Filter>
    </ClInclude>
    <ClInclude Include="FlexiTimer2.h">
      <Filter>Header Files\Hardware</Filter>
    </ClInclude>
    <ClInclude Include="Features.h">
      <Filter>Header Files\Hardware</Filter>
    </ClInclude>
    <ClInclude Include="BaseLed.h">
      <Filter>Header Files\Hardware</Filter>
    </ClInclude>
    <ClInclude Include="Key.h">
      <Filter>Header Files\Hardware\3rd Party</Filter>
    </ClInclude>
    <ClInclude Include="__vm\.InternalRobothon.vsarduino.h">
      <Filter>Header Files</Filter>
    </ClInclude>
    <ClInclude Include="__vm\.Robothon2016.vsarduino.h">
      <Filter>Header Files</Filter>
    </ClInclude>
  </ItemGroup>
  <ItemGroup>
    <ClCompile Include="Kernel.c">
      <Filter>Source Files</Filter>
    </ClCompile>
    <ClCompile Include="KernelInitializer.cpp">
      <Filter>Source Files</Filter>
    </ClCompile>
    <ClCompile Include="Key.cpp">
      <Filter>Source Files\Hardware\3rd Party</Filter>
    </ClCompile>
    <ClCompile Include="KeypadBase.cpp">
      <Filter>Source Files\Hardware\3rd Party</Filter>
    </ClCompile>
    <ClCompile Include="ServoTimer2.cpp">
      <Filter>Source Files\Hardware\3rd Party</Filter>
    </ClCompile>
    <ClCompile Include="BaseLed.cpp">
      <Filter>Source Files\Hardware</Filter>
    </ClCompile>
    <ClCompile Include="FlexiTimer2.cpp">
      <Filter>Source Files\Hardware</Filter>
    </ClCompile>
    <ClCompile Include="ISwitchable.cpp">
      <Filter>Source Files\Hardware</Filter>
    </ClCompile>
    <ClCompile Include="Keypad.cpp">
      <Filter>Source Files\Hardware</Filter>
    </ClCompile>
    <ClCompile Include="Led.cpp">
      <Filter>Source Files\Hardware</Filter>
    </ClCompile>
    <ClCompile Include="Motor.cpp">
      <Filter>Source Files\Hardware</Filter>
    </ClCompile>
    <ClCompile Include="PiezoSpeaker.cpp">
      <Filter>Source Files\Hardware</Filter>
    </ClCompile>
    <ClCompile Include="RgbLed.cpp">
      <Filter>Source Files\Hardware</Filter>
    </ClCompile>
    <ClCompile Include="Servo.cpp">
      <Filter>Source Files\Hardware</Filter>
    </ClCompile>
    <ClCompile Include="TimerOne.cpp">
      <Filter>Source Files\Hardware</Filter>
    </ClCompile>
  </ItemGroup>
  <ItemGroup>
    <None Include="Robothon2016.ino" />
  </ItemGroup>
</Project>